
Microsoft Visual Studio Solution File, Format Version 12.00
# Visual Studio Version 17
VisualStudioVersion = 17.0.31903.59
MinimumVisualStudioVersion = 10.0.40219.1
Project("{FAE04EC0-301F-11D3-BF4B-00C04F79EFBC}") = "back-end", "back-end\back-end.csproj", "{53805281-058A-451B-BE12-731F5B76C3EE}"
EndProject
Global
	GlobalSection(SolutionConfigurationPlatforms) = preSolution
		Debug|Any CPU = Debug|Any CPU
		Release|Any CPU = Release|Any CPU
	EndGlobalSection
	GlobalSection(ProjectConfigurationPlatforms) = postSolution
		{53805281-058A-451B-BE12-731F5B76C3EE}.Debug|Any CPU.ActiveCfg = Debug|Any CPU
		{53805281-058A-451B-BE12-731F5B76C3EE}.Debug|Any CPU.Build.0 = Debug|Any CPU
		{53805281-058A-451B-BE12-731F5B76C3EE}.Release|Any CPU.ActiveCfg = Release|Any CPU
		{53805281-058A-451B-BE12-731F5B76C3EE}.Release|Any CPU.Build.0 = Release|Any CPU
	EndGlobalSection
	GlobalSection(SolutionProperties) = preSolution
		HideSolutionNode = FALSE
	EndGlobalSection
	GlobalSection(ExtensibilityGlobals) = postSolution
		SolutionGuid = {FD38E1E6-E301-48C9-87D0-9C15B13A203D}
	EndGlobalSection
EndGlobal
